
Microsoft Visual Studio Solution File, Format Version 12.00
# Visual Studio 15
VisualStudioVersion = 15.0.27428.2037
MinimumVisualStudioVersion = 10.0.40219.1
Project("{FAE04EC0-301F-11D3-BF4B-00C04F79EFBC}") = "QuickOps", "QuickOps\QuickOps.csproj", "{23B46161-D7D6-49CE-A423-81B28E74DEBF}"
EndProject
Project("{FAE04EC0-301F-11D3-BF4B-00C04F79EFBC}") = "NetMonitor", "NetMonitor\NetMonitor.csproj", "{E6ADD97B-8DF7-4DD6-B087-20FF5CFE5F36}"
EndProject
Project("{FAE04EC0-301F-11D3-BF4B-00C04F79EFBC}") = "QuickOps2SS", "QuickOps2SS\QuickOps2SS.csproj", "{CA1B9A31-9EE2-49E7-99F6-7172522DD28C}"
EndProject
Global
	GlobalSection(SolutionConfigurationPlatforms) = preSolution
		Debug|Any CPU = Debug|Any CPU
		Release|Any CPU = Release|Any CPU
	EndGlobalSection
	GlobalSection(ProjectConfigurationPlatforms) = postSolution
		{23B46161-D7D6-49CE-A423-81B28E74DEBF}.Debug|Any CPU.ActiveCfg = Debug|Any CPU
		{23B46161-D7D6-49CE-A423-81B28E74DEBF}.Debug|Any CPU.Build.0 = Debug|Any CPU
		{23B46161-D7D6-49CE-A423-81B28E74DEBF}.Release|Any CPU.ActiveCfg = Release|Any CPU
		{23B46161-D7D6-49CE-A423-81B28E74DEBF}.Release|Any CPU.Build.0 = Release|Any CPU
		{E6ADD97B-8DF7-4DD6-B087-20FF5CFE5F36}.Debug|Any CPU.ActiveCfg = Debug|Any CPU
		{E6ADD97B-8DF7-4DD6-B087-20FF5CFE5F36}.Debug|Any CPU.Build.0 = Debug|Any CPU
		{E6ADD97B-8DF7-4DD6-B087-20FF5CFE5F36}.Release|Any CPU.ActiveCfg = Release|Any CPU
		{E6ADD97B-8DF7-4DD6-B087-20FF5CFE5F36}.Release|Any CPU.Build.0 = Release|Any CPU
		{CA1B9A31-9EE2-49E7-99F6-7172522DD28C}.Debug|Any CPU.ActiveCfg = Debug|Any CPU
		{CA1B9A31-9EE2-49E7-99F6-7172522DD28C}.Debug|Any CPU.Build.0 = Debug|Any CPU
		{CA1B9A31-9EE2-49E7-99F6-7172522DD28C}.Release|Any CPU.ActiveCfg = Release|Any CPU
		{CA1B9A31-9EE2-49E7-99F6-7172522DD28C}.Release|Any CPU.Build.0 = Release|Any CPU
	EndGlobalSection
	GlobalSection(SolutionProperties) = preSolution
		HideSolutionNode = FALSE
	EndGlobalSection
	GlobalSection(ExtensibilityGlobals) = postSolution
		SolutionGuid = {C315C273-E77C-42E6-A32F-F5525B65FCA7}
	EndGlobalSection
EndGlobal
